
Microsoft Visual Studio Solution File, Format Version 12.00
# Visual Studio Version 17
VisualStudioVersion = 17.4.33213.308
MinimumVisualStudioVersion = 10.0.40219.1
Project("{FAE04EC0-301F-11D3-BF4B-00C04F79EFBC}") = "AdobeUserManagementApi", "AdobeUserManagementApi.csproj", "{119DE704-6CD4-4935-9FB7-3107D371781E}"
EndProject
Global
	GlobalSection(SolutionConfigurationPlatforms) = preSolution
		Debug|Any CPU = Debug|Any CPU
		Release|Any CPU = Release|Any CPU
	EndGlobalSection
	GlobalSection(ProjectConfigurationPlatforms) = postSolution
		{119DE704-6CD4-4935-9FB7-3107D371781E}.Debug|Any CPU.ActiveCfg = Debug|Any CPU
		{119DE704-6CD4-4935-9FB7-3107D371781E}.Debug|Any CPU.Build.0 = Debug|Any CPU
		{119DE704-6CD4-4935-9FB7-3107D371781E}.Release|Any CPU.ActiveCfg = Release|Any CPU
		{119DE704-6CD4-4935-9FB7-3107D371781E}.Release|Any CPU.Build.0 = Release|Any CPU
	EndGlobalSection
	GlobalSection(SolutionProperties) = preSolution
		HideSolutionNode = FALSE
	EndGlobalSection
	GlobalSection(ExtensibilityGlobals) = postSolution
		SolutionGuid = {C86076D6-F934-4E8E-A02F-29735E9ECA1B}
	EndGlobalSection
EndGlobal
